
Microsoft Visual Studio Solution File, Format Version 12.00
# Visual Studio 2013
VisualStudioVersion = 12.0.21005.1
MinimumVisualStudioVersion = 10.0.40219.1
Project("{FAE04EC0-301F-11D3-BF4B-00C04F79EFBC}") = "WcfService1", "WcfService1\WcfService1.csproj", "{5256A3F3-B326-4744-B711-E0C4C80E02EF}"
EndProject
Project("{FAE04EC0-301F-11D3-BF4B-00C04F79EFBC}") = "Contracts", "Contracts\Contracts.csproj", "{0D1DB791-CCD3-4343-A76B-174710EF3CF1}"
EndProject
Project("{FAE04EC0-301F-11D3-BF4B-00C04F79EFBC}") = "Client", "Client\Client.csproj", "{FED5881E-D6A2-46A0-80AD-B63EE551509E}"
EndProject
Global
	GlobalSection(SolutionConfigurationPlatforms) = preSolution
		Debug|Any CPU = Debug|Any CPU
		Release|Any CPU = Release|Any CPU
	EndGlobalSection
	GlobalSection(ProjectConfigurationPlatforms) = postSolution
		{5256A3F3-B326-4744-B711-E0C4C80E02EF}.Debug|Any CPU.ActiveCfg = Debug|Any CPU
		{5256A3F3-B326-4744-B711-E0C4C80E02EF}.Debug|Any CPU.Build.0 = Debug|Any CPU
		{5256A3F3-B326-4744-B711-E0C4C80E02EF}.Release|Any CPU.ActiveCfg = Release|Any CPU
		{5256A3F3-B326-4744-B711-E0C4C80E02EF}.Release|Any CPU.Build.0 = Release|Any CPU
		{0D1DB791-CCD3-4343-A76B-174710EF3CF1}.Debug|Any CPU.ActiveCfg = Debug|Any CPU
		{0D1DB791-CCD3-4343-A76B-174710EF3CF1}.Debug|Any CPU.Build.0 = Debug|Any CPU
		{0D1DB791-CCD3-4343-A76B-174710EF3CF1}.Release|Any CPU.ActiveCfg = Release|Any CPU
		{0D1DB791-CCD3-4343-A76B-174710EF3CF1}.Release|Any CPU.Build.0 = Release|Any CPU
		{FED5881E-D6A2-46A0-80AD-B63EE551509E}.Debug|Any CPU.ActiveCfg = Debug|Any CPU
		{FED5881E-D6A2-46A0-80AD-B63EE551509E}.Debug|Any CPU.Build.0 = Debug|Any CPU
		{FED5881E-D6A2-46A0-80AD-B63EE551509E}.Release|Any CPU.ActiveCfg = Release|Any CPU
		{FED5881E-D6A2-46A0-80AD-B63EE551509E}.Release|Any CPU.Build.0 = Release|Any CPU
	EndGlobalSection
	GlobalSection(SolutionProperties) = preSolution
		HideSolutionNode = FALSE
	EndGlobalSection
EndGlobal
